
Microsoft Visual Studio Solution File, Format Version 12.00
# Visual Studio Version 16
VisualStudioVersion = 16.0.29009.5
MinimumVisualStudioVersion = 10.0.40219.1
Project("{2150E333-8FDC-42A3-9474-1A3956D46DE8}") = "src", "src", "{AFAA0841-BD93-466F-B8F4-FB4EEC86F1FC}"
EndProject
Project("{2150E333-8FDC-42A3-9474-1A3956D46DE8}") = "test", "test", "{F10AA149-2626-486E-85BB-9CD5365F3016}"
EndProject
Project("{2150E333-8FDC-42A3-9474-1A3956D46DE8}") = "YunDa.Web", "YunDa.Web", "{A6E85FAA-7553-412F-852A-2CB0C51D1A7F}"
EndProject
Project("{2150E333-8FDC-42A3-9474-1A3956D46DE8}") = "YunDa.Application", "YunDa.Application", "{EE6B9914-CE4E-467D-9DAF-A343701EF4A0}"
EndProject
Project("{2150E333-8FDC-42A3-9474-1A3956D46DE8}") = "YunDa.Core", "YunDa.Core", "{315C1433-8C93-4F11-BB80-D7A6A82C70E6}"
EndProject
Project("{2150E333-8FDC-42A3-9474-1A3956D46DE8}") = "YunDa.Domain", "YunDa.Domain", "{93CB9A86-F838-4498-B5EB-AB0A5EE42106}"
EndProject
Project("{9A19103F-16F7-4668-BE54-9A1E7A4F7556}") = "YunDa.ISAS.Application", "src\YunDa.Application\YunDa.ISAS.Application\YunDa.ISAS.Application.csproj", "{DC658A69-2107-4D35-8924-A02D8F801B06}"
EndProject
Project("{9A19103F-16F7-4668-BE54-9A1E7A4F7556}") = "YunDa.ISAS.Core", "src\YunDa.Core\YunDa.ISAS.Core\YunDa.ISAS.Core.csproj", "{B31E99EC-F913-41F0-A7B8-0A7069F59C10}"
EndProject
Project("{9A19103F-16F7-4668-BE54-9A1E7A4F7556}") = "YunDa.ISAS.Web.Core", "src\YunDa.Web\YunDa.ISAS.Web.Core\YunDa.ISAS.Web.Core.csproj", "{D3D0DC93-DF90-4C66-A1BF-F72207620641}"
EndProject
Project("{9A19103F-16F7-4668-BE54-9A1E7A4F7556}") = "YunDa.ISAS.EntityFrameworkCore", "src\YunDa.Domain\YunDa.ISAS.EntityFrameworkCore\YunDa.ISAS.EntityFrameworkCore.csproj", "{3A530FCD-8C55-4559-9221-26EC213DF673}"
EndProject
Project("{9A19103F-16F7-4668-BE54-9A1E7A4F7556}") = "YunDa.ISAS.DataTransferObject", "src\YunDa.Application\YunDa.ISAS.DataTransferObject\YunDa.ISAS.DataTransferObject.csproj", "{AAB6C3FF-F93F-4820-BFC3-86B9CECB8C4F}"
EndProject
Project("{9A19103F-16F7-4668-BE54-9A1E7A4F7556}") = "YunDa.ISAS.Entities", "src\YunDa.Domain\YunDa.ISAS.Entities\YunDa.ISAS.Entities.csproj", "{D7ECC2FC-37BF-46F6-8E78-0CD259BED082}"
EndProject
Project("{9A19103F-16F7-4668-BE54-9A1E7A4F7556}") = "YunDa.ISAS.Web.MVC", "src\YunDa.Web\YunDa.ISAS.Web.MVC\YunDa.ISAS.Web.MVC.csproj", "{AED251FE-56CA-478F-A529-B7BF21153219}"
EndProject
Project("{9A19103F-16F7-4668-BE54-9A1E7A4F7556}") = "YunDa.ISAS.Web.Host", "src\YunDa.Web\YunDa.ISAS.Web.Host\YunDa.ISAS.Web.Host.csproj", "{7DB5C128-ED5F-42DB-AC5A-5B4372C1F0C4}"
EndProject
Project("{9A19103F-16F7-4668-BE54-9A1E7A4F7556}") = "ToolLibrary", "src\YunDa.Utils\MyToolLibrary\ToolLibrary.csproj", "{28416E5C-00A7-4538-BEE9-70C93F30253C}"
EndProject
Project("{9A19103F-16F7-4668-BE54-9A1E7A4F7556}") = "ConsoleTest", "test\ConsoleTest\ConsoleTest.csproj", "{799AC721-7660-4711-B767-950AB6B359E7}"
EndProject
Project("{9A19103F-16F7-4668-BE54-9A1E7A4F7556}") = "TestConsoleApp1", "test\TestConsoleApp1\TestConsoleApp1.csproj", "{E3F8C1E8-1C5F-487F-840D-FBFC689DD8E0}"
EndProject
Project("{2150E333-8FDC-42A3-9474-1A3956D46DE8}") = "YunDa.Utils", "YunDa.Utils", "{A86F8C9A-DC31-4BDB-ADAD-41F08A3F9E43}"
EndProject
Project("{9A19103F-16F7-4668-BE54-9A1E7A4F7556}") = "YunDa.ISAS.Migrator", "src\YunDa.Domain\YunDa.ISAS.Migrator\YunDa.ISAS.Migrator.csproj", "{35CBFD5C-4C76-451B-9902-ABD30E809AB6}"
EndProject
Project("{2150E333-8FDC-42A3-9474-1A3956D46DE8}") = "Solution Items", "Solution Items", "{19459C2F-E086-4E66-96F0-93959D89C326}"
	ProjectSection(SolutionItems) = preProject
		.editorconfig = .editorconfig
	EndProjectSection
EndProject
Project("{9A19103F-16F7-4668-BE54-9A1E7A4F7556}") = "YunDa.ISAS.MongoDB", "src\YunDa.Domain\YunDa.ISAS.MongoDB\YunDa.ISAS.MongoDB.csproj", "{DF3F52B9-0609-4B20-AA21-7FE353805242}"
EndProject
Project("{9A19103F-16F7-4668-BE54-9A1E7A4F7556}") = "YunDa.ISAS.MongoDB.Application", "src\YunDa.Application\YunDa.ISAS.MongoDB.Application\YunDa.ISAS.MongoDB.Application.csproj", "{069C7518-F852-43A4-AE78-548BF4E2C369}"
EndProject
Project("{9A19103F-16F7-4668-BE54-9A1E7A4F7556}") = "EchoApp", "test\WebSocketsSample\EchoApp.csproj", "{2B041739-CFAC-49AA-ADDE-84E04E603B71}"
EndProject
Project("{9A19103F-16F7-4668-BE54-9A1E7A4F7556}") = "YunDa.ISAS.Application.Core", "src\YunDa.Application\YunDa.ISAS.Application.Core\YunDa.ISAS.Application.Core.csproj", "{D0F543A0-2CE7-44D3-9325-633AC9BED3DA}"
EndProject
Global
	GlobalSection(SolutionConfigurationPlatforms) = preSolution
		Debug|Any CPU = Debug|Any CPU
		Release|Any CPU = Release|Any CPU
	EndGlobalSection
	GlobalSection(ProjectConfigurationPlatforms) = postSolution
		{DC658A69-2107-4D35-8924-A02D8F801B06}.Debug|Any CPU.ActiveCfg = Debug|Any CPU
		{DC658A69-2107-4D35-8924-A02D8F801B06}.Debug|Any CPU.Build.0 = Debug|Any CPU
		{DC658A69-2107-4D35-8924-A02D8F801B06}.Release|Any CPU.ActiveCfg = Release|Any CPU
		{DC658A69-2107-4D35-8924-A02D8F801B06}.Release|Any CPU.Build.0 = Release|Any CPU
		{B31E99EC-F913-41F0-A7B8-0A7069F59C10}.Debug|Any CPU.ActiveCfg = Debug|Any CPU
		{B31E99EC-F913-41F0-A7B8-0A7069F59C10}.Debug|Any CPU.Build.0 = Debug|Any CPU
		{B31E99EC-F913-41F0-A7B8-0A7069F59C10}.Release|Any CPU.ActiveCfg = Release|Any CPU
		{B31E99EC-F913-41F0-A7B8-0A7069F59C10}.Release|Any CPU.Build.0 = Release|Any CPU
		{D3D0DC93-DF90-4C66-A1BF-F72207620641}.Debug|Any CPU.ActiveCfg = Debug|Any CPU
		{D3D0DC93-DF90-4C66-A1BF-F72207620641}.Debug|Any CPU.Build.0 = Debug|Any CPU
		{D3D0DC93-DF90-4C66-A1BF-F72207620641}.Release|Any CPU.ActiveCfg = Release|Any CPU
		{D3D0DC93-DF90-4C66-A1BF-F72207620641}.Release|Any CPU.Build.0 = Release|Any CPU
		{3A530FCD-8C55-4559-9221-26EC213DF673}.Debug|Any CPU.ActiveCfg = Debug|Any CPU
		{3A530FCD-8C55-4559-9221-26EC213DF673}.Debug|Any CPU.Build.0 = Debug|Any CPU
		{3A530FCD-8C55-4559-9221-26EC213DF673}.Release|Any CPU.ActiveCfg = Release|Any CPU
		{3A530FCD-8C55-4559-9221-26EC213DF673}.Release|Any CPU.Build.0 = Release|Any CPU
		{AAB6C3FF-F93F-4820-BFC3-86B9CECB8C4F}.Debug|Any CPU.ActiveCfg = Debug|Any CPU
		{AAB6C3FF-F93F-4820-BFC3-86B9CECB8C4F}.Debug|Any CPU.Build.0 = Debug|Any CPU
		{AAB6C3FF-F93F-4820-BFC3-86B9CECB8C4F}.Release|Any CPU.ActiveCfg = Release|Any CPU
		{AAB6C3FF-F93F-4820-BFC3-86B9CECB8C4F}.Release|Any CPU.Build.0 = Release|Any CPU
		{D7ECC2FC-37BF-46F6-8E78-0CD259BED082}.Debug|Any CPU.ActiveCfg = Debug|Any CPU
		{D7ECC2FC-37BF-46F6-8E78-0CD259BED082}.Debug|Any CPU.Build.0 = Debug|Any CPU
		{D7ECC2FC-37BF-46F6-8E78-0CD259BED082}.Release|Any CPU.ActiveCfg = Release|Any CPU
		{D7ECC2FC-37BF-46F6-8E78-0CD259BED082}.Release|Any CPU.Build.0 = Release|Any CPU
		{AED251FE-56CA-478F-A529-B7BF21153219}.Debug|Any CPU.ActiveCfg = Debug|Any CPU
		{AED251FE-56CA-478F-A529-B7BF21153219}.Debug|Any CPU.Build.0 = Debug|Any CPU
		{AED251FE-56CA-478F-A529-B7BF21153219}.Release|Any CPU.ActiveCfg = Release|Any CPU
		{AED251FE-56CA-478F-A529-B7BF21153219}.Release|Any CPU.Build.0 = Release|Any CPU
		{7DB5C128-ED5F-42DB-AC5A-5B4372C1F0C4}.Debug|Any CPU.ActiveCfg = Debug|Any CPU
		{7DB5C128-ED5F-42DB-AC5A-5B4372C1F0C4}.Debug|Any CPU.Build.0 = Debug|Any CPU
		{7DB5C128-ED5F-42DB-AC5A-5B4372C1F0C4}.Release|Any CPU.ActiveCfg = Release|Any CPU
		{7DB5C128-ED5F-42DB-AC5A-5B4372C1F0C4}.Release|Any CPU.Build.0 = Release|Any CPU
		{28416E5C-00A7-4538-BEE9-70C93F30253C}.Debug|Any CPU.ActiveCfg = Debug|Any CPU
		{28416E5C-00A7-4538-BEE9-70C93F30253C}.Debug|Any CPU.Build.0 = Debug|Any CPU
		{28416E5C-00A7-4538-BEE9-70C93F30253C}.Release|Any CPU.ActiveCfg = Release|Any CPU
		{28416E5C-00A7-4538-BEE9-70C93F30253C}.Release|Any CPU.Build.0 = Release|Any CPU
		{799AC721-7660-4711-B767-950AB6B359E7}.Debug|Any CPU.ActiveCfg = Debug|Any CPU
		{799AC721-7660-4711-B767-950AB6B359E7}.Debug|Any CPU.Build.0 = Debug|Any CPU
		{799AC721-7660-4711-B767-950AB6B359E7}.Release|Any CPU.ActiveCfg = Release|Any CPU
		{799AC721-7660-4711-B767-950AB6B359E7}.Release|Any CPU.Build.0 = Release|Any CPU
		{E3F8C1E8-1C5F-487F-840D-FBFC689DD8E0}.Debug|Any CPU.ActiveCfg = Debug|Any CPU
		{E3F8C1E8-1C5F-487F-840D-FBFC689DD8E0}.Debug|Any CPU.Build.0 = Debug|Any CPU
		{E3F8C1E8-1C5F-487F-840D-FBFC689DD8E0}.Release|Any CPU.ActiveCfg = Release|Any CPU
		{E3F8C1E8-1C5F-487F-840D-FBFC689DD8E0}.Release|Any CPU.Build.0 = Release|Any CPU
		{35CBFD5C-4C76-451B-9902-ABD30E809AB6}.Debug|Any CPU.ActiveCfg = Debug|Any CPU
		{35CBFD5C-4C76-451B-9902-ABD30E809AB6}.Debug|Any CPU.Build.0 = Debug|Any CPU
		{35CBFD5C-4C76-451B-9902-ABD30E809AB6}.Release|Any CPU.ActiveCfg = Release|Any CPU
		{35CBFD5C-4C76-451B-9902-ABD30E809AB6}.Release|Any CPU.Build.0 = Release|Any CPU
		{DF3F52B9-0609-4B20-AA21-7FE353805242}.Debug|Any CPU.ActiveCfg = Debug|Any CPU
		{DF3F52B9-0609-4B20-AA21-7FE353805242}.Debug|Any CPU.Build.0 = Debug|Any CPU
		{DF3F52B9-0609-4B20-AA21-7FE353805242}.Release|Any CPU.ActiveCfg = Release|Any CPU
		{DF3F52B9-0609-4B20-AA21-7FE353805242}.Release|Any CPU.Build.0 = Release|Any CPU
		{069C7518-F852-43A4-AE78-548BF4E2C369}.Debug|Any CPU.ActiveCfg = Debug|Any CPU
		{069C7518-F852-43A4-AE78-548BF4E2C369}.Debug|Any CPU.Build.0 = Debug|Any CPU
		{069C7518-F852-43A4-AE78-548BF4E2C369}.Release|Any CPU.ActiveCfg = Release|Any CPU
		{069C7518-F852-43A4-AE78-548BF4E2C369}.Release|Any CPU.Build.0 = Release|Any CPU
		{2B041739-CFAC-49AA-ADDE-84E04E603B71}.Debug|Any CPU.ActiveCfg = Debug|Any CPU
		{2B041739-CFAC-49AA-ADDE-84E04E603B71}.Debug|Any CPU.Build.0 = Debug|Any CPU
		{2B041739-CFAC-49AA-ADDE-84E04E603B71}.Release|Any CPU.ActiveCfg = Release|Any CPU
		{2B041739-CFAC-49AA-ADDE-84E04E603B71}.Release|Any CPU.Build.0 = Release|Any CPU
		{D0F543A0-2CE7-44D3-9325-633AC9BED3DA}.Debug|Any CPU.ActiveCfg = Debug|Any CPU
		{D0F543A0-2CE7-44D3-9325-633AC9BED3DA}.Debug|Any CPU.Build.0 = Debug|Any CPU
		{D0F543A0-2CE7-44D3-9325-633AC9BED3DA}.Release|Any CPU.ActiveCfg = Release|Any CPU
		{D0F543A0-2CE7-44D3-9325-633AC9BED3DA}.Release|Any CPU.Build.0 = Release|Any CPU
	EndGlobalSection
	GlobalSection(SolutionProperties) = preSolution
		HideSolutionNode = FALSE
	EndGlobalSection
	GlobalSection(NestedProjects) = preSolution
		{A6E85FAA-7553-412F-852A-2CB0C51D1A7F} = {AFAA0841-BD93-466F-B8F4-FB4EEC86F1FC}
		{EE6B9914-CE4E-467D-9DAF-A343701EF4A0} = {AFAA0841-BD93-466F-B8F4-FB4EEC86F1FC}
		{315C1433-8C93-4F11-BB80-D7A6A82C70E6} = {AFAA0841-BD93-466F-B8F4-FB4EEC86F1FC}
		{93CB9A86-F838-4498-B5EB-AB0A5EE42106} = {AFAA0841-BD93-466F-B8F4-FB4EEC86F1FC}
		{DC658A69-2107-4D35-8924-A02D8F801B06} = {EE6B9914-CE4E-467D-9DAF-A343701EF4A0}
		{B31E99EC-F913-41F0-A7B8-0A7069F59C10} = {315C1433-8C93-4F11-BB80-D7A6A82C70E6}
		{D3D0DC93-DF90-4C66-A1BF-F72207620641} = {A6E85FAA-7553-412F-852A-2CB0C51D1A7F}
		{3A530FCD-8C55-4559-9221-26EC213DF673} = {93CB9A86-F838-4498-B5EB-AB0A5EE42106}
		{AAB6C3FF-F93F-4820-BFC3-86B9CECB8C4F} = {EE6B9914-CE4E-467D-9DAF-A343701EF4A0}
		{D7ECC2FC-37BF-46F6-8E78-0CD259BED082} = {93CB9A86-F838-4498-B5EB-AB0A5EE42106}
		{AED251FE-56CA-478F-A529-B7BF21153219} = {A6E85FAA-7553-412F-852A-2CB0C51D1A7F}
		{7DB5C128-ED5F-42DB-AC5A-5B4372C1F0C4} = {A6E85FAA-7553-412F-852A-2CB0C51D1A7F}
		{28416E5C-00A7-4538-BEE9-70C93F30253C} = {A86F8C9A-DC31-4BDB-ADAD-41F08A3F9E43}
		{799AC721-7660-4711-B767-950AB6B359E7} = {F10AA149-2626-486E-85BB-9CD5365F3016}
		{E3F8C1E8-1C5F-487F-840D-FBFC689DD8E0} = {F10AA149-2626-486E-85BB-9CD5365F3016}
		{A86F8C9A-DC31-4BDB-ADAD-41F08A3F9E43} = {AFAA0841-BD93-466F-B8F4-FB4EEC86F1FC}
		{35CBFD5C-4C76-451B-9902-ABD30E809AB6} = {93CB9A86-F838-4498-B5EB-AB0A5EE42106}
		{DF3F52B9-0609-4B20-AA21-7FE353805242} = {93CB9A86-F838-4498-B5EB-AB0A5EE42106}
		{069C7518-F852-43A4-AE78-548BF4E2C369} = {EE6B9914-CE4E-467D-9DAF-A343701EF4A0}
		{2B041739-CFAC-49AA-ADDE-84E04E603B71} = {F10AA149-2626-486E-85BB-9CD5365F3016}
		{D0F543A0-2CE7-44D3-9325-633AC9BED3DA} = {EE6B9914-CE4E-467D-9DAF-A343701EF4A0}
	EndGlobalSection
	GlobalSection(ExtensibilityGlobals) = postSolution
		VisualSVNWorkingCopyRoot = .
		SolutionGuid = {B516B1E8-1CEC-4BCC-BA92-93CB32845E37}
	EndGlobalSection
EndGlobal
